<?xml version="1.0" encoding="UTF-8"?>
<CodeBlocks_project_file>
	<FileVersion major="1" minor="6"/>
	<Project>
		<Option title="team033"/>
		<Option makefile_is_custom="1"/>
		<Option compiler="gcc"/>
		<Option virtualFolders="CMake Files\;"/>
		<Build>
			<Target title="all">
				<Option working_dir="/home/gianluca/Documents/Advance System Lab/team033"/>
				<Option type="4"/>
				<MakeCommands>
					<Build command="/usr/bin/make -j8 -f &quot;/home/gianluca/Documents/Advance\ System\ Lab/team033/Makefile&quot;  VERBOSE=1 all"/>
					<CompileFile command="/usr/bin/make -j8 -f &quot;/home/gianluca/Documents/Advance\ System\ Lab/team033/Makefile&quot;  VERBOSE=1 &quot;$file&quot;"/>
					<Clean command="/usr/bin/make -j8 -f &quot;/home/gianluca/Documents/Advance\ System\ Lab/team033/Makefile&quot;  VERBOSE=1 clean"/>
					<DistClean command="/usr/bin/make -j8 -f &quot;/home/gianluca/Documents/Advance\ System\ Lab/team033/Makefile&quot;  VERBOSE=1 clean"/>
				</MakeCommands>
			</Target>
			<Target title="rebuild_cache">
				<Option working_dir="/home/gianluca/Documents/Advance System Lab/team033"/>
				<Option type="4"/>
				<MakeCommands>
					<Build command="/usr/bin/make -j8 -f &quot;/home/gianluca/Documents/Advance\ System\ Lab/team033/Makefile&quot;  VERBOSE=1 rebuild_cache"/>
					<CompileFile command="/usr/bin/make -j8 -f &quot;/home/gianluca/Documents/Advance\ System\ Lab/team033/Makefile&quot;  VERBOSE=1 &quot;$file&quot;"/>
					<Clean command="/usr/bin/make -j8 -f &quot;/home/gianluca/Documents/Advance\ System\ Lab/team033/Makefile&quot;  VERBOSE=1 clean"/>
					<DistClean command="/usr/bin/make -j8 -f &quot;/home/gianluca/Documents/Advance\ System\ Lab/team033/Makefile&quot;  VERBOSE=1 clean"/>
				</MakeCommands>
			</Target>
			<Target title="edit_cache">
				<Option working_dir="/home/gianluca/Documents/Advance System Lab/team033"/>
				<Option type="4"/>
				<MakeCommands>
					<Build command="/usr/bin/make -j8 -f &quot;/home/gianluca/Documents/Advance\ System\ Lab/team033/Makefile&quot;  VERBOSE=1 edit_cache"/>
					<CompileFile command="/usr/bin/make -j8 -f &quot;/home/gianluca/Documents/Advance\ System\ Lab/team033/Makefile&quot;  VERBOSE=1 &quot;$file&quot;"/>
					<Clean command="/usr/bin/make -j8 -f &quot;/home/gianluca/Documents/Advance\ System\ Lab/team033/Makefile&quot;  VERBOSE=1 clean"/>
					<DistClean command="/usr/bin/make -j8 -f &quot;/home/gianluca/Documents/Advance\ System\ Lab/team033/Makefile&quot;  VERBOSE=1 clean"/>
				</MakeCommands>
			</Target>
			<Target title="team033">
				<Option output="/home/gianluca/Documents/Advance System Lab/team033/team033" prefix_auto="0" extension_auto="0"/>
				<Option working_dir="/home/gianluca/Documents/Advance System Lab/team033"/>
				<Option object_output="./"/>
				<Option type="1"/>
				<Option compiler="gcc"/>
				<Compiler>
					<Add directory="/home/gianluca/Documents/Advance System Lab/team033/src/utils"/>
					<Add directory="/usr/lib/gcc/x86_64-linux-gnu/7/include"/>
					<Add directory="/usr/local/include"/>
					<Add directory="/usr/lib/gcc/x86_64-linux-gnu/7/include-fixed"/>
					<Add directory="/usr/include/x86_64-linux-gnu"/>
					<Add directory="/usr/include"/>
				</Compiler>
				<MakeCommands>
					<Build command="/usr/bin/make -j8 -f &quot;/home/gianluca/Documents/Advance\ System\ Lab/team033/Makefile&quot;  VERBOSE=1 team033"/>
					<CompileFile command="/usr/bin/make -j8 -f &quot;/home/gianluca/Documents/Advance\ System\ Lab/team033/Makefile&quot;  VERBOSE=1 &quot;$file&quot;"/>
					<Clean command="/usr/bin/make -j8 -f &quot;/home/gianluca/Documents/Advance\ System\ Lab/team033/Makefile&quot;  VERBOSE=1 clean"/>
					<DistClean command="/usr/bin/make -j8 -f &quot;/home/gianluca/Documents/Advance\ System\ Lab/team033/Makefile&quot;  VERBOSE=1 clean"/>
				</MakeCommands>
			</Target>
			<Target title="team033/fast">
				<Option output="/home/gianluca/Documents/Advance System Lab/team033/team033" prefix_auto="0" extension_auto="0"/>
				<Option working_dir="/home/gianluca/Documents/Advance System Lab/team033"/>
				<Option object_output="./"/>
				<Option type="1"/>
				<Option compiler="gcc"/>
				<Compiler>
					<Add directory="/home/gianluca/Documents/Advance System Lab/team033/src/utils"/>
					<Add directory="/usr/lib/gcc/x86_64-linux-gnu/7/include"/>
					<Add directory="/usr/local/include"/>
					<Add directory="/usr/lib/gcc/x86_64-linux-gnu/7/include-fixed"/>
					<Add directory="/usr/include/x86_64-linux-gnu"/>
					<Add directory="/usr/include"/>
				</Compiler>
				<MakeCommands>
					<Build command="/usr/bin/make -j8 -f &quot;/home/gianluca/Documents/Advance\ System\ Lab/team033/Makefile&quot;  VERBOSE=1 team033/fast"/>
					<CompileFile command="/usr/bin/make -j8 -f &quot;/home/gianluca/Documents/Advance\ System\ Lab/team033/Makefile&quot;  VERBOSE=1 &quot;$file&quot;"/>
					<Clean command="/usr/bin/make -j8 -f &quot;/home/gianluca/Documents/Advance\ System\ Lab/team033/Makefile&quot;  VERBOSE=1 clean"/>
					<DistClean command="/usr/bin/make -j8 -f &quot;/home/gianluca/Documents/Advance\ System\ Lab/team033/Makefile&quot;  VERBOSE=1 clean"/>
				</MakeCommands>
			</Target>
		</Build>
		<Unit filename="/home/gianluca/Documents/Advance System Lab/team033/src/benchmark/benchmark.c">
			<Option target="team033"/>
		</Unit>
		<Unit filename="/home/gianluca/Documents/Advance System Lab/team033/src/benchmark/benchmark.h">
			<Option target="team033"/>
		</Unit>
		<Unit filename="/home/gianluca/Documents/Advance System Lab/team033/src/benchmark/tsc_x86.h">
			<Option target="team033"/>
		</Unit>
		<Unit filename="/home/gianluca/Documents/Advance System Lab/team033/src/compression/imageCompressor.c">
			<Option target="team033"/>
		</Unit>
		<Unit filename="/home/gianluca/Documents/Advance System Lab/team033/src/compression/imageCompressor.h">
			<Option target="team033"/>
		</Unit>
		<Unit filename="/home/gianluca/Documents/Advance System Lab/team033/src/compression/imagetransform.c">
			<Option target="team033"/>
		</Unit>
		<Unit filename="/home/gianluca/Documents/Advance System Lab/team033/src/compression/imagetransform.h">
			<Option target="team033"/>
		</Unit>
		<Unit filename="/home/gianluca/Documents/Advance System Lab/team033/src/main.c">
			<Option target="team033"/>
		</Unit>
		<Unit filename="/home/gianluca/Documents/Advance System Lab/team033/src/utils/bmp.c">
			<Option target="team033"/>
		</Unit>
		<Unit filename="/home/gianluca/Documents/Advance System Lab/team033/src/utils/bmp.h">
			<Option target="team033"/>
		</Unit>
		<Unit filename="/home/gianluca/Documents/Advance System Lab/team033/src/utils/encoder.c">
			<Option target="team033"/>
		</Unit>
		<Unit filename="/home/gianluca/Documents/Advance System Lab/team033/src/utils/encoder.h">
			<Option target="team033"/>
		</Unit>
		<Unit filename="/home/gianluca/Documents/Advance System Lab/team033/src/utils/imageIO.c">
			<Option target="team033"/>
		</Unit>
		<Unit filename="/home/gianluca/Documents/Advance System Lab/team033/src/utils/imageIO.h">
			<Option target="team033"/>
		</Unit>
		<Unit filename="/home/gianluca/Documents/Advance System Lab/team033/CMakeLists.txt">
			<Option virtualFolder="CMake Files\"/>
		</Unit>
	</Project>
</CodeBlocks_project_file>
